{
  "version": 4,
  "terraform_version": "1.15.6",
  "serial": 6,
  "lineage": "b222a17e-69b7-62c9-e2c4-50155c4fcfb2",
  "outputs": {
    "api_url": {
      "value": "https://localhost:8000",
      "type": "string"
    },
    "container_name": {
      "value": "cifar-api",
      "type": "string"
    },
    "image_deployed": {
      "value": "6lack6ambi3/cifar-api:latest",
      "type": "string"
    }
  },
  "resources": [
    {
      "mode": "managed",
      "type": "docker_container",
      "name": "cifar_api",
      "provider": "provider[\"registry.terraform.io/kreuzwerker/docker\"]",
      "instances": [
        {
          "schema_version": 2,
          "attributes": {
            "attach": false,
            "bridge": "",
            "capabilities": [],
            "cgroup_parent": null,
            "cgroupns_mode": null,
            "command": [
              "uvicorn",
              "app.main:app",
              "--host",
              "0.0.0.0",
              "--port",
              "8000"
            ],
            "container_logs": null,
            "container_read_refresh_timeout_milliseconds": 15000,
            "cpu_period": null,
            "cpu_quota": null,
            "cpu_set": "",
            "cpu_shares": 0,
            "cpus": null,
            "destroy_grace_seconds": null,
            "devices": [],
            "dns": null,
            "dns_opts": null,
            "dns_search": null,
            "domainname": "",
            "entrypoint": [],
            "env": [],
            "exit_code": null,
            "gpus": null,
            "group_add": null,
            "healthcheck": [
              {
                "interval": "30s",
                "retries": 3,
                "start_interval": "0s",
                "start_period": "40s",
                "test": [
                  "CMD",
                  "python",
                  "-c",
                  "import urllib.request; urllib.request.urlopen('http://localhost:8000/health')"
                ],
                "timeout": "5s"
              }
            ],
            "host": [],
            "hostname": "a4b51c38ade4",
            "id": "a4b51c38ade47fdc6f6a77d48ca7d14dea42b65f4d607e414b77e7072fd2a62c",
            "image": "sha256:7d8c0cc6c13f11cb11ceb5b9cb34bd34c881ce5ecc05fa801f703b08634c10fd",
            "init": false,
            "ipc_mode": "private",
            "labels": [],
            "log_driver": "json-file",
            "log_opts": null,
            "logs": false,
            "max_retry_count": 0,
            "memory": 0,
            "memory_reservation": 0,
            "memory_swap": 0,
            "mounts": [],
            "must_run": true,
            "name": "cifar-api",
            "network_data": [
              {
                "gateway": "172.17.0.1",
                "global_ipv6_address": "",
                "global_ipv6_prefix_length": 0,
                "ip_address": "172.17.0.2",
                "ip_prefix_length": 16,
                "ipv6_gateway": "",
                "mac_address": "e6:eb:36:80:5c:fc",
                "network_name": "bridge"
              }
            ],
            "network_mode": "bridge",
            "networks_advanced": [],
            "pid_mode": "",
            "ports": [
              {
                "external": 8000,
                "internal": 8000,
                "ip": "0.0.0.0",
                "protocol": "tcp"
              }
            ],
            "privileged": false,
            "publish_all_ports": false,
            "read_only": false,
            "remove_volumes": true,
            "restart": "unless-stopped",
            "rm": false,
            "runtime": "runc",
            "security_opts": [],
            "shm_size": 64,
            "start": true,
            "stdin_open": false,
            "stop_signal": "",
            "stop_timeout": 1,
            "storage_opts": null,
            "sysctls": null,
            "tmpfs": null,
            "tty": false,
            "ulimit": [],
            "upload": [],
            "user": "appuser",
            "userns_mode": "",
            "volumes": [],
            "wait": false,
            "wait_timeout": 60,
            "working_dir": "/app"
          },
          "sensitive_attributes": [],
          "identity_schema_version": 0,
          "private": "eyJzY2hlbWFfdmVyc2lvbiI6IjIifQ==",
          "dependencies": [
            "docker_image.cifar_api"
          ]
        }
      ]
    },
    {
      "mode": "managed",
      "type": "docker_image",
      "name": "cifar_api",
      "provider": "provider[\"registry.terraform.io/kreuzwerker/docker\"]",
      "instances": [
        {
          "schema_version": 0,
          "attributes": {
            "build": [],
            "force_remove": null,
            "id": "sha256:7d8c0cc6c13f11cb11ceb5b9cb34bd34c881ce5ecc05fa801f703b08634c10fd6lack6ambi3/cifar-api:latest",
            "image_id": "sha256:7d8c0cc6c13f11cb11ceb5b9cb34bd34c881ce5ecc05fa801f703b08634c10fd",
            "keep_locally": true,
            "name": "6lack6ambi3/cifar-api:latest",
            "platform": null,
            "pull_triggers": null,
            "repo_digest": "6lack6ambi3/cifar-api@sha256:7d8c0cc6c13f11cb11ceb5b9cb34bd34c881ce5ecc05fa801f703b08634c10fd",
            "timeouts": null,
            "triggers": null
          },
          "sensitive_attributes": [],
          "identity_schema_version": 0,
          "private": "eyJlMmJmYjczMC1lY2FhLTExZTYtOGY4OC0zNDM2M2JjN2M0YzAiOnsiY3JlYXRlIjoxMjAwMDAwMDAwMDAwLCJkZWxldGUiOjEyMDAwMDAwMDAwMDAsInVwZGF0ZSI6MTIwMDAwMDAwMDAwMH19"
        }
      ]
    }
  ],
  "check_results": null
}
